
Microsoft Visual Studio Solution File, Format Version 12.00
# Visual Studio Version 17
VisualStudioVersion = 17.5.33627.172
MinimumVisualStudioVersion = 10.0.40219.1
Project("{FAE04EC0-301F-11D3-BF4B-00C04F79EFBC}") = "LinqToObject", "LinqToObject.csproj", "{1EB91FCC-7026-453D-945B-ABAFB01C03CA}"
EndProject
Global
	GlobalSection(SolutionConfigurationPlatforms) = preSolution
		Debug|Any CPU = Debug|Any CPU
		Release|Any CPU = Release|Any CPU
	EndGlobalSection
	GlobalSection(ProjectConfigurationPlatforms) = postSolution
		{1EB91FCC-7026-453D-945B-ABAFB01C03CA}.Debug|Any CPU.ActiveCfg = Debug|Any CPU
		{1EB91FCC-7026-453D-945B-ABAFB01C03CA}.Debug|Any CPU.Build.0 = Debug|Any CPU
		{1EB91FCC-7026-453D-945B-ABAFB01C03CA}.Release|Any CPU.ActiveCfg = Release|Any CPU
		{1EB91FCC-7026-453D-945B-ABAFB01C03CA}.Release|Any CPU.Build.0 = Release|Any CPU
	EndGlobalSection
	GlobalSection(SolutionProperties) = preSolution
		HideSolutionNode = FALSE
	EndGlobalSection
	GlobalSection(ExtensibilityGlobals) = postSolution
		SolutionGuid = {3FFBBF3F-72FB-4B5C-BBFF-0953EA6B85FA}
	EndGlobalSection
EndGlobal
